
Microsoft Visual Studio Solution File, Format Version 12.00
# Visual Studio Version 16
VisualStudioVersion = 16.0.29230.47
MinimumVisualStudioVersion = 10.0.40219.1
Project("{FAE04EC0-301F-11D3-BF4B-00C04F79EFBC}") = "Custom_pizza", "Custom_pizza\Custom_pizza.csproj", "{979854A2-4F77-47DE-B536-171B38876D8E}"
EndProject
Project("{FAE04EC0-301F-11D3-BF4B-00C04F79EFBC}") = "DataBase", "DataBase\DataBase.csproj", "{297EF97B-DF30-4A1A-89BC-0E9BE1C24879}"
EndProject
Project("{FAE04EC0-301F-11D3-BF4B-00C04F79EFBC}") = "UserSettingsClass", "UserSettingsClass\UserSettingsClass.csproj", "{FDD4BEE9-9529-4CC9-8141-A39EE208227F}"
EndProject
Project("{FAE04EC0-301F-11D3-BF4B-00C04F79EFBC}") = "BillSettingsClass", "BillSettingsClass\BillSettingsClass.csproj", "{99F7E3E8-4F08-45EC-82F4-2BEF0E9BADA1}"
EndProject
Project("{FAE04EC0-301F-11D3-BF4B-00C04F79EFBC}") = "IngredientSettingsClass", "IngredientSettingsClass\IngredientSettingsClass.csproj", "{CF3EA461-ABF8-464A-879F-5026FF464114}"
EndProject
Project("{9A19103F-16F7-4668-BE54-9A1E7A4F7556}") = "PizzaSettingsClass", "PizzaSettingsClass\PizzaSettingsClass.csproj", "{3970F0E2-981C-45EA-8AB9-3924D2CE0C2F}"
EndProject
Project("{9A19103F-16F7-4668-BE54-9A1E7A4F7556}") = "PizzaItemSettingsClass", "PizzaItemSettingsClass\PizzaItemSettingsClass.csproj", "{2D280748-A7AC-4C25-8058-9CC41278063D}"
EndProject
Project("{9A19103F-16F7-4668-BE54-9A1E7A4F7556}") = "PizzaBillSettingsClass", "PizzaBillSettingsClass\PizzaBillSettingsClass.csproj", "{8253127C-D27C-4CC7-9CC0-25A2C02B38AD}"
EndProject
Project("{FAE04EC0-301F-11D3-BF4B-00C04F79EFBC}") = "DiscountSettingsClass", "DiscountSettingsClass\DiscountSettingsClass.csproj", "{00312123-1603-41FA-8DD4-7F3E1AE95C56}"
EndProject
Global
	GlobalSection(SolutionConfigurationPlatforms) = preSolution
		Debug|Any CPU = Debug|Any CPU
		Release|Any CPU = Release|Any CPU
	EndGlobalSection
	GlobalSection(ProjectConfigurationPlatforms) = postSolution
		{979854A2-4F77-47DE-B536-171B38876D8E}.Debug|Any CPU.ActiveCfg = Debug|Any CPU
		{979854A2-4F77-47DE-B536-171B38876D8E}.Debug|Any CPU.Build.0 = Debug|Any CPU
		{979854A2-4F77-47DE-B536-171B38876D8E}.Release|Any CPU.ActiveCfg = Release|Any CPU
		{979854A2-4F77-47DE-B536-171B38876D8E}.Release|Any CPU.Build.0 = Release|Any CPU
		{297EF97B-DF30-4A1A-89BC-0E9BE1C24879}.Debug|Any CPU.ActiveCfg = Debug|Any CPU
		{297EF97B-DF30-4A1A-89BC-0E9BE1C24879}.Debug|Any CPU.Build.0 = Debug|Any CPU
		{297EF97B-DF30-4A1A-89BC-0E9BE1C24879}.Release|Any CPU.ActiveCfg = Release|Any CPU
		{297EF97B-DF30-4A1A-89BC-0E9BE1C24879}.Release|Any CPU.Build.0 = Release|Any CPU
		{FDD4BEE9-9529-4CC9-8141-A39EE208227F}.Debug|Any CPU.ActiveCfg = Debug|Any CPU
		{FDD4BEE9-9529-4CC9-8141-A39EE208227F}.Debug|Any CPU.Build.0 = Debug|Any CPU
		{FDD4BEE9-9529-4CC9-8141-A39EE208227F}.Release|Any CPU.ActiveCfg = Release|Any CPU
		{FDD4BEE9-9529-4CC9-8141-A39EE208227F}.Release|Any CPU.Build.0 = Release|Any CPU
		{99F7E3E8-4F08-45EC-82F4-2BEF0E9BADA1}.Debug|Any CPU.ActiveCfg = Debug|Any CPU
		{99F7E3E8-4F08-45EC-82F4-2BEF0E9BADA1}.Debug|Any CPU.Build.0 = Debug|Any CPU
		{99F7E3E8-4F08-45EC-82F4-2BEF0E9BADA1}.Release|Any CPU.ActiveCfg = Release|Any CPU
		{99F7E3E8-4F08-45EC-82F4-2BEF0E9BADA1}.Release|Any CPU.Build.0 = Release|Any CPU
		{CF3EA461-ABF8-464A-879F-5026FF464114}.Debug|Any CPU.ActiveCfg = Debug|Any CPU
		{CF3EA461-ABF8-464A-879F-5026FF464114}.Debug|Any CPU.Build.0 = Debug|Any CPU
		{CF3EA461-ABF8-464A-879F-5026FF464114}.Release|Any CPU.ActiveCfg = Release|Any CPU
		{CF3EA461-ABF8-464A-879F-5026FF464114}.Release|Any CPU.Build.0 = Release|Any CPU
		{3970F0E2-981C-45EA-8AB9-3924D2CE0C2F}.Debug|Any CPU.ActiveCfg = Debug|Any CPU
		{3970F0E2-981C-45EA-8AB9-3924D2CE0C2F}.Debug|Any CPU.Build.0 = Debug|Any CPU
		{3970F0E2-981C-45EA-8AB9-3924D2CE0C2F}.Release|Any CPU.ActiveCfg = Release|Any CPU
		{3970F0E2-981C-45EA-8AB9-3924D2CE0C2F}.Release|Any CPU.Build.0 = Release|Any CPU
		{2D280748-A7AC-4C25-8058-9CC41278063D}.Debug|Any CPU.ActiveCfg = Debug|Any CPU
		{2D280748-A7AC-4C25-8058-9CC41278063D}.Debug|Any CPU.Build.0 = Debug|Any CPU
		{2D280748-A7AC-4C25-8058-9CC41278063D}.Release|Any CPU.ActiveCfg = Release|Any CPU
		{2D280748-A7AC-4C25-8058-9CC41278063D}.Release|Any CPU.Build.0 = Release|Any CPU
		{8253127C-D27C-4CC7-9CC0-25A2C02B38AD}.Debug|Any CPU.ActiveCfg = Debug|Any CPU
		{8253127C-D27C-4CC7-9CC0-25A2C02B38AD}.Debug|Any CPU.Build.0 = Debug|Any CPU
		{8253127C-D27C-4CC7-9CC0-25A2C02B38AD}.Release|Any CPU.ActiveCfg = Release|Any CPU
		{8253127C-D27C-4CC7-9CC0-25A2C02B38AD}.Release|Any CPU.Build.0 = Release|Any CPU
		{00312123-1603-41FA-8DD4-7F3E1AE95C56}.Debug|Any CPU.ActiveCfg = Debug|Any CPU
		{00312123-1603-41FA-8DD4-7F3E1AE95C56}.Debug|Any CPU.Build.0 = Debug|Any CPU
		{00312123-1603-41FA-8DD4-7F3E1AE95C56}.Release|Any CPU.ActiveCfg = Release|Any CPU
		{00312123-1603-41FA-8DD4-7F3E1AE95C56}.Release|Any CPU.Build.0 = Release|Any CPU
	EndGlobalSection
	GlobalSection(SolutionProperties) = preSolution
		HideSolutionNode = FALSE
	EndGlobalSection
	GlobalSection(ExtensibilityGlobals) = postSolution
		SolutionGuid = {B678D2AF-A57D-4C99-B482-0AC388A2A14E}
	EndGlobalSection
EndGlobal
