
Microsoft Visual Studio Solution File, Format Version 12.00
# Visual Studio Version 16
VisualStudioVersion = 16.0.29806.167
MinimumVisualStudioVersion = 10.0.40219.1
Project("{FAE04EC0-301F-11D3-BF4B-00C04F79EFBC}") = "Custom_pizza", "Custom_pizza\Custom_pizza.csproj", "{979854A2-4F77-47DE-B536-171B38876D8E}"
EndProject
Project("{FAE04EC0-301F-11D3-BF4B-00C04F79EFBC}") = "DataBase", "DataBase\DataBase.csproj", "{297EF97B-DF30-4A1A-89BC-0E9BE1C24879}"
EndProject
Project("{FAE04EC0-301F-11D3-BF4B-00C04F79EFBC}") = "UserSettingsClass", "UserSettingsClass\UserSettingsClass.csproj", "{FDD4BEE9-9529-4CC9-8141-A39EE208227F}"
EndProject
Project("{9A19103F-16F7-4668-BE54-9A1E7A4F7556}") = "BillSettingsClass", "BillSettingsClass\BillSettingsClass.csproj", "{8D9D9493-93E0-45E0-A185-281DBEC39EEC}"
EndProject
Project("{FAE04EC0-301F-11D3-BF4B-00C04F79EFBC}") = "IngredientSettingsClass", "IngredientSettingsClass\IngredientSettingsClass.csproj", "{4F786CC7-F95A-4D7F-B228-070ED7EAB3DB}"
EndProject
Global
	GlobalSection(SolutionConfigurationPlatforms) = preSolution
		Debug|Any CPU = Debug|Any CPU
		Release|Any CPU = Release|Any CPU
	EndGlobalSection
	GlobalSection(ProjectConfigurationPlatforms) = postSolution
		{979854A2-4F77-47DE-B536-171B38876D8E}.Debug|Any CPU.ActiveCfg = Debug|Any CPU
		{979854A2-4F77-47DE-B536-171B38876D8E}.Debug|Any CPU.Build.0 = Debug|Any CPU
		{979854A2-4F77-47DE-B536-171B38876D8E}.Release|Any CPU.ActiveCfg = Release|Any CPU
		{979854A2-4F77-47DE-B536-171B38876D8E}.Release|Any CPU.Build.0 = Release|Any CPU
		{297EF97B-DF30-4A1A-89BC-0E9BE1C24879}.Debug|Any CPU.ActiveCfg = Debug|Any CPU
		{297EF97B-DF30-4A1A-89BC-0E9BE1C24879}.Debug|Any CPU.Build.0 = Debug|Any CPU
		{297EF97B-DF30-4A1A-89BC-0E9BE1C24879}.Release|Any CPU.ActiveCfg = Release|Any CPU
		{297EF97B-DF30-4A1A-89BC-0E9BE1C24879}.Release|Any CPU.Build.0 = Release|Any CPU
		{FDD4BEE9-9529-4CC9-8141-A39EE208227F}.Debug|Any CPU.ActiveCfg = Debug|Any CPU
		{FDD4BEE9-9529-4CC9-8141-A39EE208227F}.Debug|Any CPU.Build.0 = Debug|Any CPU
		{FDD4BEE9-9529-4CC9-8141-A39EE208227F}.Release|Any CPU.ActiveCfg = Release|Any CPU
		{FDD4BEE9-9529-4CC9-8141-A39EE208227F}.Release|Any CPU.Build.0 = Release|Any CPU
		{8D9D9493-93E0-45E0-A185-281DBEC39EEC}.Debug|Any CPU.ActiveCfg = Debug|Any CPU
		{8D9D9493-93E0-45E0-A185-281DBEC39EEC}.Debug|Any CPU.Build.0 = Debug|Any CPU
		{8D9D9493-93E0-45E0-A185-281DBEC39EEC}.Release|Any CPU.ActiveCfg = Release|Any CPU
		{8D9D9493-93E0-45E0-A185-281DBEC39EEC}.Release|Any CPU.Build.0 = Release|Any CPU
		{4F786CC7-F95A-4D7F-B228-070ED7EAB3DB}.Debug|Any CPU.ActiveCfg = Debug|Any CPU
		{4F786CC7-F95A-4D7F-B228-070ED7EAB3DB}.Debug|Any CPU.Build.0 = Debug|Any CPU
		{4F786CC7-F95A-4D7F-B228-070ED7EAB3DB}.Release|Any CPU.ActiveCfg = Release|Any CPU
		{4F786CC7-F95A-4D7F-B228-070ED7EAB3DB}.Release|Any CPU.Build.0 = Release|Any CPU
	EndGlobalSection
	GlobalSection(SolutionProperties) = preSolution
		HideSolutionNode = FALSE
	EndGlobalSection
	GlobalSection(ExtensibilityGlobals) = postSolution
		SolutionGuid = {B678D2AF-A57D-4C99-B482-0AC388A2A14E}
	EndGlobalSection
EndGlobal
