
Microsoft Visual Studio Solution File, Format Version 12.00
# Visual Studio Version 16
VisualStudioVersion = 16.0.30002.166
MinimumVisualStudioVersion = 10.0.40219.1
Project("{FAE04EC0-301F-11D3-BF4B-00C04F79EFBC}") = "PI_Project", "PI_Project.csproj", "{266B02B2-8151-4275-8208-CF932EDF952A}"
EndProject
Global
	GlobalSection(SolutionConfigurationPlatforms) = preSolution
		Debug|Any CPU = Debug|Any CPU
		Release|Any CPU = Release|Any CPU
	EndGlobalSection
	GlobalSection(ProjectConfigurationPlatforms) = postSolution
		{266B02B2-8151-4275-8208-CF932EDF952A}.Debug|Any CPU.ActiveCfg = Debug|Any CPU
		{266B02B2-8151-4275-8208-CF932EDF952A}.Debug|Any CPU.Build.0 = Debug|Any CPU
		{266B02B2-8151-4275-8208-CF932EDF952A}.Release|Any CPU.ActiveCfg = Release|Any CPU
		{266B02B2-8151-4275-8208-CF932EDF952A}.Release|Any CPU.Build.0 = Release|Any CPU
	EndGlobalSection
	GlobalSection(SolutionProperties) = preSolution
		HideSolutionNode = FALSE
	EndGlobalSection
	GlobalSection(ExtensibilityGlobals) = postSolution
		SolutionGuid = {1F5C8E83-0FFF-443B-BB40-886D55ADCF41}
	EndGlobalSection
EndGlobal
